// !$*UTF8*$!
{
	archiveVersion = 1;
	classes = {
	};
	objectVersion = 46;
	objects = {

/* Begin PBXBuildFile section */
		0DF865CFA7B5588CD90F0FEF /* Pods_FSEventsDetector.framework in Frameworks */ = {isa = PBXBuildFile; fileRef = 5FC2C56749F8060443B4232C /* Pods_FSEventsDetector.framework */; };
		419916EB1C9A59CA00489BAB /* AppDelegate.swift in Sources */ = {isa = PBXBuildFile; fileRef = 419916EA1C9A59CA00489BAB /* AppDelegate.swift */; };
		419916ED1C9A59CA00489BAB /* Assets.xcassets in Resources */ = {isa = PBXBuildFile; fileRef = 419916EC1C9A59CA00489BAB /* Assets.xcassets */; };
		419916F01C9A59CA00489BAB /* MainMenu.xib in Resources */ = {isa = PBXBuildFile; fileRef = 419916EE1C9A59CA00489BAB /* MainMenu.xib */; };
		41C8ABA31C9A6014002F76E2 /* SocketManager.swift in Sources */ = {isa = PBXBuildFile; fileRef = 41C8ABA21C9A6014002F76E2 /* SocketManager.swift */; };
		41C8ABA51C9A6143002F76E2 /* FileEventsDetector.swift in Sources */ = {isa = PBXBuildFile; fileRef = 41C8ABA41C9A6143002F76E2 /* FileEventsDetector.swift */; };
/* End PBXBuildFile section */

/* Begin PBXFileReference section */
		419916E71C9A59CA00489BAB /* FSEventsDetector.app */ = {isa = PBXFileReference; explicitFileType = wrapper.application; includeInIndex = 0; path = FSEventsDetector.app; sourceTree = BUILT_PRODUCTS_DIR; };
		419916EA1C9A59CA00489BAB /* AppDelegate.swift */ = {isa = PBXFileReference; lastKnownFileType = sourcecode.swift; path = AppDelegate.swift; sourceTree = "<group>"; };
		419916EC1C9A59CA00489BAB /* Assets.xcassets */ = {isa = PBXFileReference; lastKnownFileType = folder.assetcatalog; path = Assets.xcassets; sourceTree = "<group>"; };
		419916EF1C9A59CA00489BAB /* Base */ = {isa = PBXFileReference; lastKnownFileType = file.xib; name = Base; path = Base.lproj/MainMenu.xib; sourceTree = "<group>"; };
		419916F11C9A59CA00489BAB /* Info.plist */ = {isa = PBXFileReference; lastKnownFileType = text.plist.xml; path = Info.plist; sourceTree = "<group>"; };
		41C8ABA21C9A6014002F76E2 /* SocketManager.swift */ = {isa = PBXFileReference; fileEncoding = 4; lastKnownFileType = sourcecode.swift; path = SocketManager.swift; sourceTree = "<group>"; };
		41C8ABA41C9A6143002F76E2 /* FileEventsDetector.swift */ = {isa = PBXFileReference; fileEncoding = 4; lastKnownFileType = sourcecode.swift; path = FileEventsDetector.swift; sourceTree = "<group>"; };
		5FC2C56749F8060443B4232C /* Pods_FSEventsDetector.framework */ = {isa = PBXFileReference; explicitFileType = wrapper.framework; includeInIndex = 0; path = Pods_FSEventsDetector.framework; sourceTree = BUILT_PRODUCTS_DIR; };
		E0F3688BEF73A47952805E66 /* Pods-FSEventsDetector.release.xcconfig */ = {isa = PBXFileReference; includeInIndex = 1; lastKnownFileType = text.xcconfig; name = "Pods-FSEventsDetector.release.xcconfig"; path = "Pods/Target Support Files/Pods-FSEventsDetector/Pods-FSEventsDetector.release.xcconfig"; sourceTree = "<group>"; };
		E47E88B3AAD50316810B87DC /* Pods-FSEventsDetector.debug.xcconfig */ = {isa = PBXFileReference; includeInIndex = 1; lastKnownFileType = text.xcconfig; name = "Pods-FSEventsDetector.debug.xcconfig"; path = "Pods/Target Support Files/Pods-FSEventsDetector/Pods-FSEventsDetector.debug.xcconfig"; sourceTree = "<group>"; };
/* End PBXFileReference section */

/* Begin PBXFrameworksBuildPhase section */
		419916E41C9A59CA00489BAB /* Frameworks */ = {
			isa = PBXFrameworksBuildPhase;
			buildActionMask = 2147483647;
			files = (
				0DF865CFA7B5588CD90F0FEF /* Pods_FSEventsDetector.framework in Frameworks */,
			);
			runOnlyForDeploymentPostprocessing = 0;
		};
/* End PBXFrameworksBuildPhase section */

/* Begin PBXGroup section */
		0011AE2D9F3AB17596E02283 /* Frameworks */ = {
			isa = PBXGroup;
			children = (
				5FC2C56749F8060443B4232C /* Pods_FSEventsDetector.framework */,
			);
			name = Frameworks;
			sourceTree = "<group>";
		};
		419916DE1C9A59CA00489BAB = {
			isa = PBXGroup;
			children = (
				419916E91C9A59CA00489BAB /* FSEventsDetector */,
				419916E81C9A59CA00489BAB /* Products */,
				F32BF880891916374DBB7888 /* Pods */,
				0011AE2D9F3AB17596E02283 /* Frameworks */,
			);
			sourceTree = "<group>";
		};
		419916E81C9A59CA00489BAB /* Products */ = {
			isa = PBXGroup;
			children = (
				419916E71C9A59CA00489BAB /* FSEventsDetector.app */,
			);
			name = Products;
			sourceTree = "<group>";
		};
		419916E91C9A59CA00489BAB /* FSEventsDetector */ = {
			isa = PBXGroup;
			children = (
				419916EA1C9A59CA00489BAB /* AppDelegate.swift */,
				419916EC1C9A59CA00489BAB /* Assets.xcassets */,
				419916EE1C9A59CA00489BAB /* MainMenu.xib */,
				41C8ABA21C9A6014002F76E2 /* SocketManager.swift */,
				41C8ABA41C9A6143002F76E2 /* FileEventsDetector.swift */,
				419916F11C9A59CA00489BAB /* Info.plist */,
			);
			path = FSEventsDetector;
			sourceTree = "<group>";
		};
		F32BF880891916374DBB7888 /* Pods */ = {
			isa = PBXGroup;
			children = (
				E47E88B3AAD50316810B87DC /* Pods-FSEventsDetector.debug.xcconfig */,
				E0F3688BEF73A47952805E66 /* Pods-FSEventsDetector.release.xcconfig */,
			);
			name = Pods;
			sourceTree = "<group>";
		};
/* End PBXGroup section */

/* Begin PBXNativeTarget section */
		419916E61C9A59CA00489BAB /* FSEventsDetector */ = {
			isa = PBXNativeTarget;
			buildConfigurationList = 419916F41C9A59CA00489BAB /* Build configuration list for PBXNativeTarget "FSEventsDetector" */;
			buildPhases = (
				FF006AEC9CC85AB10176F89A /* 📦 Check Pods Manifest.lock */,
				419916E31C9A59CA00489BAB /* Sources */,
				419916E41C9A59CA00489BAB /* Frameworks */,
				419916E51C9A59CA00489BAB /* Resources */,
				7F8459D36EE6B72E0900F7E3 /* 📦 Embed Pods Frameworks */,
				FB0DEAD75C9CA3769E1DC5FF /* 📦 Copy Pods Resources */,
			);
			buildRules = (
			);
			dependencies = (
			);
			name = FSEventsDetector;
			productName = FSEventsDetector;
			productReference = 419916E71C9A59CA00489BAB /* FSEventsDetector.app */;
			productType = "com.apple.product-type.application";
		};
/* End PBXNativeTarget section */

/* Begin PBXProject section */
		419916DF1C9A59CA00489BAB /* Project object */ = {
			isa = PBXProject;
			attributes = {
				LastSwiftUpdateCheck = 0720;
				LastUpgradeCheck = 0720;
				ORGANIZATIONNAME = "Gurinder Hans";
				TargetAttributes = {
					419916E61C9A59CA00489BAB = {
						CreatedOnToolsVersion = 7.2.1;
					};
				};
			};
			buildConfigurationList = 419916E21C9A59CA00489BAB /* Build configuration list for PBXProject "FSEventsDetector" */;
			compatibilityVersion = "Xcode 3.2";
			developmentRegion = English;
			hasScannedForEncodings = 0;
			knownRegions = (
				en,
				Base,
			);
			mainGroup = 419916DE1C9A59CA00489BAB;
			productRefGroup = 419916E81C9A59CA00489BAB /* Products */;
			projectDirPath = "";
			projectRoot = "";
			targets = (
				419916E61C9A59CA00489BAB /* FSEventsDetector */,
			);
		};
/* End PBXProject section */

/* Begin PBXResourcesBuildPhase section */
		419916E51C9A59CA00489BAB /* Resources */ = {
			isa = PBXResourcesBuildPhase;
			buildActionMask = 2147483647;
			files = (
				419916ED1C9A59CA00489BAB /* Assets.xcassets in Resources */,
				419916F01C9A59CA00489BAB /* MainMenu.xib in Resources */,
			);
			runOnlyForDeploymentPostprocessing = 0;
		};
/* End PBXResourcesBuildPhase section */

/* Begin PBXShellScriptBuildPhase section */
		7F8459D36EE6B72E0900F7E3 /* 📦 Embed Pods Frameworks */ = {
			isa = PBXShellScriptBuildPhase;
			buildActionMask = 2147483647;
			files = (
			);
			inputPaths = (
			);
			name = "📦 Embed Pods Frameworks";
			outputPaths = (
			);
			runOnlyForDeploymentPostprocessing = 0;
			shellPath = /bin/sh;
			shellScript = "\"${SRCROOT}/Pods/Target Support Files/Pods-FSEventsDetector/Pods-FSEventsDetector-frameworks.sh\"\n";
			showEnvVarsInLog = 0;
		};
		FB0DEAD75C9CA3769E1DC5FF /* 📦 Copy Pods Resources */ = {
			isa = PBXShellScriptBuildPhase;
			buildActionMask = 2147483647;
			files = (
			);
			inputPaths = (
			);
			name = "📦 Copy Pods Resources";
			outputPaths = (
			);
			runOnlyForDeploymentPostprocessing = 0;
			shellPath = /bin/sh;
			shellScript = "\"${SRCROOT}/Pods/Target Support Files/Pods-FSEventsDetector/Pods-FSEventsDetector-resources.sh\"\n";
			showEnvVarsInLog = 0;
		};
		FF006AEC9CC85AB10176F89A /* 📦 Check Pods Manifest.lock */ = {
			isa = PBXShellScriptBuildPhase;
			buildActionMask = 2147483647;
			files = (
			);
			inputPaths = (
			);
			name = "📦 Check Pods Manifest.lock";
			outputPaths = (
			);
			runOnlyForDeploymentPostprocessing = 0;
			shellPath = /bin/sh;
			shellScript = "diff \"${PODS_ROOT}/../Podfile.lock\" \"${PODS_ROOT}/Manifest.lock\" > /dev/null\nif [[ $? != 0 ]] ; then\n    cat << EOM\nerror: The sandbox is not in sync with the Podfile.lock. Run 'pod install' or update your CocoaPods installation.\nEOM\n    exit 1\nfi\n";
			showEnvVarsInLog = 0;
		};
/* End PBXShellScriptBuildPhase section */

/* Begin PBXSourcesBuildPhase section */
		419916E31C9A59CA00489BAB /* Sources */ = {
			isa = PBXSourcesBuildPhase;
			buildActionMask = 2147483647;
			files = (
				41C8ABA51C9A6143002F76E2 /* FileEventsDetector.swift in Sources */,
				41C8ABA31C9A6014002F76E2 /* SocketManager.swift in Sources */,
				419916EB1C9A59CA00489BAB /* AppDelegate.swift in Sources */,
			);
			runOnlyForDeploymentPostprocessing = 0;
		};
/* End PBXSourcesBuildPhase section */

/* Begin PBXVariantGroup section */
		419916EE1C9A59CA00489BAB /* MainMenu.xib */ = {
			isa = PBXVariantGroup;
			children = (
				419916EF1C9A59CA00489BAB /* Base */,
			);
			name = MainMenu.xib;
			sourceTree = "<group>";
		};
/* End PBXVariantGroup section */

/* Begin XCBuildConfiguration section */
		419916F21C9A59CA00489BAB /* Debug */ = {
			isa = XCBuildConfiguration;
			buildSettings = {
				ALWAYS_SEARCH_USER_PATHS = NO;
				CLANG_CXX_LANGUAGE_STANDARD = "gnu++0x";
				CLANG_CXX_LIBRARY = "libc++";
				CLANG_ENABLE_MODULES = YES;
				CLANG_ENABLE_OBJC_ARC = YES;
				CLANG_WARN_BOOL_CONVERSION = YES;
				CLANG_WARN_CONSTANT_CONVERSION = YES;
				CLANG_WARN_DIRECT_OBJC_ISA_USAGE = YES_ERROR;
				CLANG_WARN_EMPTY_BODY = YES;
				CLANG_WARN_ENUM_CONVERSION = YES;
				CLANG_WARN_INT_CONVERSION = YES;
				CLANG_WARN_OBJC_ROOT_CLASS = YES_ERROR;
				CLANG_WARN_UNREACHABLE_CODE = YES;
				CLANG_WARN__DUPLICATE_METHOD_MATCH = YES;
				CODE_SIGN_IDENTITY = "-";
				COPY_PHASE_STRIP = NO;
				DEBUG_INFORMATION_FORMAT = dwarf;
				ENABLE_STRICT_OBJC_MSGSEND = YES;
				ENABLE_TESTABILITY = YES;
				GCC_C_LANGUAGE_STANDARD = gnu99;
				GCC_DYNAMIC_NO_PIC = NO;
				GCC_NO_COMMON_BLOCKS = YES;
				GCC_OPTIMIZATION_LEVEL = 0;
				GCC_PREPROCESSOR_DEFINITIONS = (
					"DEBUG=1",
					"$(inherited)",
				);
				GCC_WARN_64_TO_32_BIT_CONVERSION = YES;
				GCC_WARN_ABOUT_RETURN_TYPE = YES_ERROR;
				GCC_WARN_UNDECLARED_SELECTOR = YES;
				GCC_WARN_UNINITIALIZED_AUTOS = YES_AGGRESSIVE;
				GCC_WARN_UNUSED_FUNCTION = YES;
				GCC_WARN_UNUSED_VARIABLE = YES;
				MACOSX_DEPLOYMENT_TARGET = 10.11;
				MTL_ENABLE_DEBUG_INFO = YES;
				ONLY_ACTIVE_ARCH = YES;
				SDKROOT = macosx;
				SWIFT_OPTIMIZATION_LEVEL = "-Onone";
			};
			name = Debug;
		};
		419916F31C9A59CA00489BAB /* Release */ = {
			isa = XCBuildConfiguration;
			buildSettings = {
				ALWAYS_SEARCH_USER_PATHS = NO;
				CLANG_CXX_LANGUAGE_STANDARD = "gnu++0x";
				CLANG_CXX_LIBRARY = "libc++";
				CLANG_ENABLE_MODULES = YES;
				CLANG_ENABLE_OBJC_ARC = YES;
				CLANG_WARN_BOOL_CONVERSION = YES;
				CLANG_WARN_CONSTANT_CONVERSION = YES;
				CLANG_WARN_DIRECT_OBJC_ISA_USAGE = YES_ERROR;
				CLANG_WARN_EMPTY_BODY = YES;
				CLANG_WARN_ENUM_CONVERSION = YES;
				CLANG_WARN_INT_CONVERSION = YES;
				CLANG_WARN_OBJC_ROOT_CLASS = YES_ERROR;
				CLANG_WARN_UNREACHABLE_CODE = YES;
				CLANG_WARN__DUPLICATE_METHOD_MATCH = YES;
				CODE_SIGN_IDENTITY = "-";
				COPY_PHASE_STRIP = NO;
				DEBUG_INFORMATION_FORMAT = "dwarf-with-dsym";
				ENABLE_NS_ASSERTIONS = NO;
				ENABLE_STRICT_OBJC_MSGSEND = YES;
				GCC_C_LANGUAGE_STANDARD = gnu99;
				GCC_NO_COMMON_BLOCKS = YES;
				GCC_WARN_64_TO_32_BIT_CONVERSION = YES;
				GCC_WARN_ABOUT_RETURN_TYPE = YES_ERROR;
				GCC_WARN_UNDECLARED_SELECTOR = YES;
				GCC_WARN_UNINITIALIZED_AUTOS = YES_AGGRESSIVE;
				GCC_WARN_UNUSED_FUNCTION = YES;
				GCC_WARN_UNUSED_VARIABLE = YES;
				MACOSX_DEPLOYMENT_TARGET = 10.11;
				MTL_ENABLE_DEBUG_INFO = NO;
				SDKROOT = macosx;
			};
			name = Release;
		};
		419916F51C9A59CA00489BAB /* Debug */ = {
			isa = XCBuildConfiguration;
			baseConfigurationReference = E47E88B3AAD50316810B87DC /* Pods-FSEventsDetector.debug.xcconfig */;
			buildSettings = {
				ASSETCATALOG_COMPILER_APPICON_NAME = AppIcon;
				COMBINE_HIDPI_IMAGES = YES;
				INFOPLIST_FILE = FSEventsDetector/Info.plist;
				LD_RUNPATH_SEARCH_PATHS = "$(inherited) @executable_path/../Frameworks";
				PRODUCT_BUNDLE_IDENTIFIER = me.gurinderhans.FSEventsDetector;
				PRODUCT_NAME = "$(TARGET_NAME)";
			};
			name = Debug;
		};
		419916F61C9A59CA00489BAB /* Release */ = {
			isa = XCBuildConfiguration;
			baseConfigurationReference = E0F3688BEF73A47952805E66 /* Pods-FSEventsDetector.release.xcconfig */;
			buildSettings = {
				ASSETCATALOG_COMPILER_APPICON_NAME = AppIcon;
				COMBINE_HIDPI_IMAGES = YES;
				INFOPLIST_FILE = FSEventsDetector/Info.plist;
				LD_RUNPATH_SEARCH_PATHS = "$(inherited) @executable_path/../Frameworks";
				PRODUCT_BUNDLE_IDENTIFIER = me.gurinderhans.FSEventsDetector;
				PRODUCT_NAME = "$(TARGET_NAME)";
			};
			name = Release;
		};
/* End XCBuildConfiguration section */

/* Begin XCConfigurationList section */
		419916E21C9A59CA00489BAB /* Build configuration list for PBXProject "FSEventsDetector" */ = {
			isa = XCConfigurationList;
			buildConfigurations = (
				419916F21C9A59CA00489BAB /* Debug */,
				419916F31C9A59CA00489BAB /* Release */,
			);
			defaultConfigurationIsVisible = 0;
			defaultConfigurationName = Release;
		};
		419916F41C9A59CA00489BAB /* Build configuration list for PBXNativeTarget "FSEventsDetector" */ = {
			isa = XCConfigurationList;
			buildConfigurations = (
				419916F51C9A59CA00489BAB /* Debug */,
				419916F61C9A59CA00489BAB /* Release */,
			);
			defaultConfigurationIsVisible = 0;
			defaultConfigurationName = Release;
		};
/* End XCConfigurationList section */
	};
	rootObject = 419916DF1C9A59CA00489BAB /* Project object */;
}
